version = 1
revision = 3
requires-python = "==3.13.*"
resolution-markers = [
    "platform_machine == 'AMD64' and sys_platform == 'win32'",
]
supported-markers = [
    "platform_machine == 'AMD64' and sys_platform == 'win32'",
]

[[package]]
name = "cffi"
version = "2.1.1"
source = { registry = "https://pypi.org/simple" }
dependencies = [
    { name = "pycparser", marker = "implementation_name != 'PyPy'" },
]
sdist = { url = "https://files.pythonhosted.org/packages/9e/ef/008a1939e372c06329a3fce4279c02f328488f3526744906eeec3da7ad5f/cffi-2.1.1.tar.gz", hash = "sha256:dd31f52ea1086513bb9df30f8fcee9b8918323ae067a3d5b78bc826a000712be", size = 530807, upload-time = "2026-08-03T21:21:18.939Z" }
wheels = [
    { url = "https://files.pythonhosted.org/packages/60/a6/8b149b2c3f2e11aaa1618ef64500b45f50f22c57a977a4dff1aff1f91042/cffi-2.1.1-cp313-cp313-win_amd64.whl", hash = "sha256:1aa5645c30469b09530c4ebca77ebf8f17618293c58f8549cb1a543a50236e7d", size = 185688, upload-time = "2026-08-03T21:20:14.69Z" },
]

[[package]]
name = "parappa-access"
version = "0.1.0"
source = { virtual = "." }
dependencies = [
    { name = "cffi" },
    { name = "prismatoid" },
    { name = "pyaudiowpatch" },
    { name = "pycparser" },
]

[package.metadata]
requires-dist = [
    { name = "cffi", specifier = "==2.1.1" },
    { name = "prismatoid", specifier = "==0.18.2" },
    { name = "pyaudiowpatch", specifier = "==0.2.12.8" },
    { name = "pycparser", specifier = "==3.0" },
]

[[package]]
name = "prismatoid"
version = "0.18.2"
source = { registry = "https://pypi.org/simple" }
dependencies = [
    { name = "cffi" },
]
sdist = { url = "https://files.pythonhosted.org/packages/2b/37/37c005264580c305a4533a2fd97270a56aedbc496ff8f14c0cd5ffac3897/prismatoid-0.18.2.tar.gz", hash = "sha256:925a8c4d80d39ca79aadd399620d1e9e9ccc11ee4333d207f9974a1df656e15f", size = 2262759, upload-time = "2026-08-26T21:37:40.815Z" }
wheels = [
    { url = "https://files.pythonhosted.org/packages/54/1c/df763c0b023d60d1f5e323aeb2df7d273dc635ac0c3d6642fe818a4ab088/prismatoid-0.18.2-cp310-abi3-win_amd64.whl", hash = "sha256:ff9a69d3544d7c6d38ffc106ba1f307ec51ebb1fc712e5a44cd444cc0f1a96a3", size = 604970, upload-time = "2026-08-26T21:37:17.64Z" },
]

[[package]]
name = "pyaudiowpatch"
version = "0.2.12.8"
source = { registry = "https://pypi.org/simple" }
wheels = [
    { url = "https://files.pythonhosted.org/packages/65/0f/aa9e6c6d331d2a027330e1275697ece6ace23c2209df8cd0f8c0e397ba1c/pyaudiowpatch-0.2.12.8-cp313-cp313-win_amd64.whl", hash = "sha256:3339e6430836a021e1a83ddb915a42eec0a8f198693855a8f32a57b4b97e0202", size = 99307, upload-time = "2026-01-14T18:19:33.706Z" },
]

[[package]]
name = "pycparser"
version = "3.0"
source = { registry = "https://pypi.org/simple" }
sdist = { url = "https://files.pythonhosted.org/packages/1b/7d/92392ff7815c21062bea51aa7b87d45576f649f16458d78b7cf94b9ab2e6/pycparser-3.0.tar.gz", hash = "sha256:600f49d217304a5902ac3c37e1281c9fe94e4d0489de643a9504c5cdfdfc6b29", size = 103492, upload-time = "2026-01-21T14:26:51.89Z" }
wheels = [
    { url = "https://files.pythonhosted.org/packages/0c/c3/44f3fbbfa403ea2a7c779186dc20772604442dde72947e7d01069cbe98e3/pycparser-3.0-py3-none-any.whl", hash = "sha256:b727414169a36b7d524c1c3e31839a521725078d7b2ff038656844266160a992", size = 48172, upload-time = "2026-01-21T14:26:50.693Z" },
]
